
Microsoft Visual Studio Solution File, Format Version 12.00
# Visual Studio 15
VisualStudioVersion = 15.0.27428.2002
MinimumVisualStudioVersion = 10.0.40219.1
Project("{FAE04EC0-301F-11D3-BF4B-00C04F79EFBC}") = "Homework11.1Rekursia", "Homework11.1Rekursia\Homework11.1Rekursia.csproj", "{7C0BDF53-8541-4E40-992C-0DD0F8F25D3C}"
EndProject
Global
	GlobalSection(SolutionConfigurationPlatforms) = preSolution
		Debug|Any CPU = Debug|Any CPU
		Release|Any CPU = Release|Any CPU
	EndGlobalSection
	GlobalSection(ProjectConfigurationPlatforms) = postSolution
		{7C0BDF53-8541-4E40-992C-0DD0F8F25D3C}.Debug|Any CPU.ActiveCfg = Debug|Any CPU
		{7C0BDF53-8541-4E40-992C-0DD0F8F25D3C}.Debug|Any CPU.Build.0 = Debug|Any CPU
		{7C0BDF53-8541-4E40-992C-0DD0F8F25D3C}.Release|Any CPU.ActiveCfg = Release|Any CPU
		{7C0BDF53-8541-4E40-992C-0DD0F8F25D3C}.Release|Any CPU.Build.0 = Release|Any CPU
	EndGlobalSection
	GlobalSection(SolutionProperties) = preSolution
		HideSolutionNode = FALSE
	EndGlobalSection
	GlobalSection(ExtensibilityGlobals) = postSolution
		SolutionGuid = {78A0CCE0-B8D6-4571-9995-9B898CB76775}
	EndGlobalSection
EndGlobal
